<?xml version="1.0" encoding="utf-8"?>
<Project ToolsVersion="4.0" xmlns="http://schemas.microsoft.com/developer/msbuild/2003">
  <ItemGroup>
    <Filter Include="Source Files">
      <UniqueIdentifier>{4FC737F1-C7A5-4376-A066-2A32D752A2FF}</UniqueIdentifier>
      <Extensions>cpp;c;cc;cxx;def;odl;idl;hpj;bat;asm;asmx</Extensions>
    </Filter>
    <Filter Include="Header Files">
      <UniqueIdentifier>{93995380-89BD-4b04-88EB-625FBE52EBFB}</UniqueIdentifier>
      <Extensions>h;hh;hpp;hxx;hm;inl;inc;xsd</Extensions>
    </Filter>
    <Filter Include="Resource Files">
      <UniqueIdentifier>{67DA6AB6-F800-4c08-8B7A-83BB121AAD01}</UniqueIdentifier>
      <Extensions>rc;ico;cur;bmp;dlg;rc2;rct;bin;rgs;gif;jpg;jpeg;jpe;resx;tiff;tif;png;wav;mfcribbon-ms</Extensions>
    </Filter>
    <Filter Include="Header Files\dm-database">
      <UniqueIdentifier>{e2439374-4f8c-4ebd-a281-05b6ce2ab976}</UniqueIdentifier>
    </Filter>
    <Filter Include="Source Files\dm-database">
      <UniqueIdentifier>{3e91c4a5-2ef9-4891-b7aa-bb506e2c4792}</UniqueIdentifier>
    </Filter>
    <Filter Include="Header Files\helpers">
      <UniqueIdentifier>{6b850628-aa99-4675-9230-298c5c8778ab}</UniqueIdentifier>
    </Filter>
    <Filter Include="Source Files\helpers">
      <UniqueIdentifier>{009bc334-9f6d-442a-a0e1-58822165f582}</UniqueIdentifier>
    </Filter>
  </ItemGroup>
  <ItemGroup>
    <ClCompile Include="src\main.cpp">
      <Filter>Source Files</Filter>
    </ClCompile>
    <ClCompile Include="src\dm-database\CDatabase.cpp">
      <Filter>Source Files\dm-database</Filter>
    </ClCompile>
    <ClCompile Include="src\helpers\CError.cpp">
      <Filter>Source Files\helpers</Filter>
    </ClCompile>
    <ClCompile Include="src\helpers\CLog.cpp">
      <Filter>Source Files\helpers</Filter>
    </ClCompile>
    <ClCompile Include="src\helpers\CLogListenerConsole.cpp">
      <Filter>Source Files\helpers</Filter>
    </ClCompile>
    <ClCompile Include="src\helpers\CLogListenerFile.cpp">
      <Filter>Source Files\helpers</Filter>
    </ClCompile>
    <ClCompile Include="src\helpers\CLogUtils.cpp">
      <Filter>Source Files\helpers</Filter>
    </ClCompile>
    <ClCompile Include="src\dm-database\CDatabaseLab4.cpp">
      <Filter>Source Files\dm-database</Filter>
    </ClCompile>
    <ClCompile Include="src\helpers\CLocalizacion.cpp">
      <Filter>Source Files\helpers</Filter>
    </ClCompile>
    <ClCompile Include="src\helpers\CTimeUtils.cpp">
      <Filter>Source Files\helpers</Filter>
    </ClCompile>
    <ClCompile Include="src\helpers\CAvion.cpp">
      <Filter>Source Files\helpers</Filter>
    </ClCompile>
    <ClCompile Include="src\helpers\CPrediccion.cpp">
      <Filter>Source Files\helpers</Filter>
    </ClCompile>
    <ClCompile Include="src\helpers\CRemolque.cpp">
      <Filter>Source Files\helpers</Filter>
    </ClCompile>
    <ClCompile Include="src\helpers\CRuta.cpp">
      <Filter>Source Files\helpers</Filter>
    </ClCompile>
    <ClCompile Include="src\helpers\CSensor.cpp">
      <Filter>Source Files\helpers</Filter>
    </ClCompile>
    <ClCompile Include="src\helpers\CTipo.cpp">
      <Filter>Source Files\helpers</Filter>
    </ClCompile>
    <ClCompile Include="src\helpers\CValue.cpp">
      <Filter>Source Files\helpers</Filter>
    </ClCompile>
  </ItemGroup>
  <ItemGroup>
    <ClInclude Include="src\dm-database\CDatabase.hpp">
      <Filter>Header Files\dm-database</Filter>
    </ClInclude>
    <ClInclude Include="src\helpers\CError.h">
      <Filter>Header Files\helpers</Filter>
    </ClInclude>
    <ClInclude Include="src\helpers\CLog.hpp">
      <Filter>Header Files\helpers</Filter>
    </ClInclude>
    <ClInclude Include="src\helpers\CSingleton.hpp">
      <Filter>Header Files\helpers</Filter>
    </ClInclude>
    <ClInclude Include="src\helpers\CLogListener.hpp">
      <Filter>Header Files\helpers</Filter>
    </ClInclude>
    <ClInclude Include="src\helpers\CLogListenerConsole.hpp">
      <Filter>Header Files\helpers</Filter>
    </ClInclude>
    <ClInclude Include="src\helpers\CLogListenerFile.hpp">
      <Filter>Header Files\helpers</Filter>
    </ClInclude>
    <ClInclude Include="src\helpers\CLogUtils.hpp">
      <Filter>Header Files\helpers</Filter>
    </ClInclude>
    <ClInclude Include="src\dm-database\CDatabaseLab4.hpp">
      <Filter>Header Files\dm-database</Filter>
    </ClInclude>
    <ClInclude Include="src\helpers\CLocalizacion.h">
      <Filter>Header Files\helpers</Filter>
    </ClInclude>
    <ClInclude Include="src\helpers\CTimeUtils.hpp">
      <Filter>Header Files\helpers</Filter>
    </ClInclude>
    <ClInclude Include="src\helpers\CAvion.h">
      <Filter>Header Files\helpers</Filter>
    </ClInclude>
    <ClInclude Include="src\helpers\CPrediccion.h">
      <Filter>Header Files\helpers</Filter>
    </ClInclude>
    <ClInclude Include="src\helpers\CRemolque.h">
      <Filter>Header Files\helpers</Filter>
    </ClInclude>
    <ClInclude Include="src\helpers\CRuta.h">
      <Filter>Header Files\helpers</Filter>
    </ClInclude>
    <ClInclude Include="src\helpers\CSensor.h">
      <Filter>Header Files\helpers</Filter>
    </ClInclude>
    <ClInclude Include="src\helpers\CTipo.h">
      <Filter>Header Files\helpers</Filter>
    </ClInclude>
    <ClInclude Include="src\helpers\CValue.h">
      <Filter>Header Files\helpers</Filter>
    </ClInclude>
  </ItemGroup>
  <ItemGroup>
    <Text Include="README.txt" />
  </ItemGroup>
</Project>